
Microsoft Visual Studio Solution File, Format Version 12.00
# Visual Studio 15
VisualStudioVersion = 15.0.26403.0
MinimumVisualStudioVersion = 10.0.40219.1
Project("{FAE04EC0-301F-11D3-BF4B-00C04F79EFBC}") = "CadastroDevedores", "Cadastro de Devedores\CadastroDevedores.csproj", "{50D64C01-7F98-4C9D-A395-C5CE35EDB4E6}"
EndProject
Project("{FAE04EC0-301F-11D3-BF4B-00C04F79EFBC}") = "CadastroDevedores.Data", "CadastroDevedores.Data\CadastroDevedores.Data.csproj", "{E253E8EB-332D-4C62-AC3B-4723CD972142}"
EndProject
Project("{FAE04EC0-301F-11D3-BF4B-00C04F79EFBC}") = "CadastroDevedores.Modelos", "CadastroDevedores.Modelos\CadastroDevedores.Modelos.csproj", "{89823462-76AA-4EBF-877C-98D1D76F1625}"
EndProject
Global
	GlobalSection(SolutionConfigurationPlatforms) = preSolution
		Debug|Any CPU = Debug|Any CPU
		Release|Any CPU = Release|Any CPU
	EndGlobalSection
	GlobalSection(ProjectConfigurationPlatforms) = postSolution
		{50D64C01-7F98-4C9D-A395-C5CE35EDB4E6}.Debug|Any CPU.ActiveCfg = Debug|Any CPU
		{50D64C01-7F98-4C9D-A395-C5CE35EDB4E6}.Debug|Any CPU.Build.0 = Debug|Any CPU
		{50D64C01-7F98-4C9D-A395-C5CE35EDB4E6}.Release|Any CPU.ActiveCfg = Release|Any CPU
		{50D64C01-7F98-4C9D-A395-C5CE35EDB4E6}.Release|Any CPU.Build.0 = Release|Any CPU
		{E253E8EB-332D-4C62-AC3B-4723CD972142}.Debug|Any CPU.ActiveCfg = Debug|Any CPU
		{E253E8EB-332D-4C62-AC3B-4723CD972142}.Debug|Any CPU.Build.0 = Debug|Any CPU
		{E253E8EB-332D-4C62-AC3B-4723CD972142}.Release|Any CPU.ActiveCfg = Release|Any CPU
		{E253E8EB-332D-4C62-AC3B-4723CD972142}.Release|Any CPU.Build.0 = Release|Any CPU
		{89823462-76AA-4EBF-877C-98D1D76F1625}.Debug|Any CPU.ActiveCfg = Debug|Any CPU
		{89823462-76AA-4EBF-877C-98D1D76F1625}.Debug|Any CPU.Build.0 = Debug|Any CPU
		{89823462-76AA-4EBF-877C-98D1D76F1625}.Release|Any CPU.ActiveCfg = Release|Any CPU
		{89823462-76AA-4EBF-877C-98D1D76F1625}.Release|Any CPU.Build.0 = Release|Any CPU
	EndGlobalSection
	GlobalSection(SolutionProperties) = preSolution
		HideSolutionNode = FALSE
	EndGlobalSection
EndGlobal
